
Microsoft Visual Studio Solution File, Format Version 12.00
# Visual Studio 2012
Project("{FAE04EC0-301F-11D3-BF4B-00C04F79EFBC}") = "Xamarin.CircularProgress.iOS", "Xamarin.CircularProgress.iOS\Xamarin.CircularProgress.iOS.csproj", "{676BBDA4-D844-4D56-9483-769F60656B08}"
EndProject
Project("{FAE04EC0-301F-11D3-BF4B-00C04F79EFBC}") = "Xamarin.CircularProgress.Droid", "Xamarin.CircularProgress.Droid\Xamarin.CircularProgress.Droid.csproj", "{C8752FE1-BDCC-44A7-ACEF-F1C7C2959050}"
EndProject
Global
	GlobalSection(SolutionConfigurationPlatforms) = preSolution
		Debug|Any CPU = Debug|Any CPU
		Release|Any CPU = Release|Any CPU
	EndGlobalSection
	GlobalSection(ProjectConfigurationPlatforms) = postSolution
		{676BBDA4-D844-4D56-9483-769F60656B08}.Debug|Any CPU.ActiveCfg = Debug|Any CPU
		{676BBDA4-D844-4D56-9483-769F60656B08}.Debug|Any CPU.Build.0 = Debug|Any CPU
		{676BBDA4-D844-4D56-9483-769F60656B08}.Release|Any CPU.ActiveCfg = Release|Any CPU
		{676BBDA4-D844-4D56-9483-769F60656B08}.Release|Any CPU.Build.0 = Release|Any CPU
		{C8752FE1-BDCC-44A7-ACEF-F1C7C2959050}.Debug|Any CPU.ActiveCfg = Debug|Any CPU
		{C8752FE1-BDCC-44A7-ACEF-F1C7C2959050}.Debug|Any CPU.Build.0 = Debug|Any CPU
		{C8752FE1-BDCC-44A7-ACEF-F1C7C2959050}.Release|Any CPU.ActiveCfg = Release|Any CPU
		{C8752FE1-BDCC-44A7-ACEF-F1C7C2959050}.Release|Any CPU.Build.0 = Release|Any CPU
	EndGlobalSection
EndGlobal
